// !$*UTF8*$!
{
	archiveVersion = 1;
	classes = {
	};
	objectVersion = 77;
	objects = {

/* Begin PBXBuildFile section */
		413808F62CB92CB70094AEDC /* TeenipingView.swift in Sources */ = {isa = PBXBuildFile; fileRef = 413808F52CB92CB70094AEDC /* TeenipingView.swift */; };
		413808FB2CB92F6C0094AEDC /* SnapKit in Frameworks */ = {isa = PBXBuildFile; productRef = 413808FA2CB92F6C0094AEDC /* SnapKit */; };
		413808FE2CB92F7C0094AEDC /* Then in Frameworks */ = {isa = PBXBuildFile; productRef = 413808FD2CB92F7C0094AEDC /* Then */; };
		416624E72CB92907009CB425 /* AppDelegate.swift in Sources */ = {isa = PBXBuildFile; fileRef = 416624E12CB92907009CB425 /* AppDelegate.swift */; };
		416624E82CB92907009CB425 /* SceneDelegate.swift in Sources */ = {isa = PBXBuildFile; fileRef = 416624E42CB92907009CB425 /* SceneDelegate.swift */; };
		416624E92CB92907009CB425 /* TeenipingViewControllerViewController.swift in Sources */ = {isa = PBXBuildFile; fileRef = 416624E52CB92907009CB425 /* TeenipingViewControllerViewController.swift */; };
		416624EA2CB92907009CB425 /* Assets.xcassets in Resources */ = {isa = PBXBuildFile; fileRef = 416624E22CB92907009CB425 /* Assets.xcassets */; };
		417278832CBA4E280057C15D /* TeenipingCollectionViewCell.swift in Sources */ = {isa = PBXBuildFile; fileRef = 417278822CBA4E280057C15D /* TeenipingCollectionViewCell.swift */; };
		417278862CBA550E0057C15D /* TeenipingModel.swift in Sources */ = {isa = PBXBuildFile; fileRef = 417278852CBA550E0057C15D /* TeenipingModel.swift */; };
/* End PBXBuildFile section */

/* Begin PBXFileReference section */
		413808F52CB92CB70094AEDC /* TeenipingView.swift */ = {isa = PBXFileReference; lastKnownFileType = sourcecode.swift; path = TeenipingView.swift; sourceTree = "<group>"; };
		416624C92CB92714009CB425 /* CollectionView.app */ = {isa = PBXFileReference; explicitFileType = wrapper.application; includeInIndex = 0; path = CollectionView.app; sourceTree = BUILT_PRODUCTS_DIR; };
		416624E12CB92907009CB425 /* AppDelegate.swift */ = {isa = PBXFileReference; lastKnownFileType = sourcecode.swift; path = AppDelegate.swift; sourceTree = "<group>"; };
		416624E22CB92907009CB425 /* Assets.xcassets */ = {isa = PBXFileReference; lastKnownFileType = folder.assetcatalog; path = Assets.xcassets; sourceTree = "<group>"; };
		416624E32CB92907009CB425 /* Info.plist */ = {isa = PBXFileReference; lastKnownFileType = text.plist.xml; path = Info.plist; sourceTree = "<group>"; };
		416624E42CB92907009CB425 /* SceneDelegate.swift */ = {isa = PBXFileReference; lastKnownFileType = sourcecode.swift; path = SceneDelegate.swift; sourceTree = "<group>"; };
		416624E52CB92907009CB425 /* TeenipingViewControllerViewController.swift */ = {isa = PBXFileReference; lastKnownFileType = sourcecode.swift; path = TeenipingViewControllerViewController.swift; sourceTree = "<group>"; };
		417278822CBA4E280057C15D /* TeenipingCollectionViewCell.swift */ = {isa = PBXFileReference; lastKnownFileType = sourcecode.swift; path = TeenipingCollectionViewCell.swift; sourceTree = "<group>"; };
		417278852CBA550E0057C15D /* TeenipingModel.swift */ = {isa = PBXFileReference; lastKnownFileType = sourcecode.swift; path = TeenipingModel.swift; sourceTree = "<group>"; };
/* End PBXFileReference section */

/* Begin PBXFrameworksBuildPhase section */
		416624C62CB92714009CB425 /* Frameworks */ = {
			isa = PBXFrameworksBuildPhase;
			buildActionMask = 2147483647;
			files = (
				413808FB2CB92F6C0094AEDC /* SnapKit in Frameworks */,
				413808FE2CB92F7C0094AEDC /* Then in Frameworks */,
			);
			runOnlyForDeploymentPostprocessing = 0;
		};
/* End PBXFrameworksBuildPhase section */

/* Begin PBXGroup section */
		413808F72CB92D220094AEDC /* ViewControllers */ = {
			isa = PBXGroup;
			children = (
				416624E52CB92907009CB425 /* TeenipingViewControllerViewController.swift */,
			);
			path = ViewControllers;
			sourceTree = "<group>";
		};
		413808F82CB92D2B0094AEDC /* Views */ = {
			isa = PBXGroup;
			children = (
				413808F52CB92CB70094AEDC /* TeenipingView.swift */,
			);
			path = Views;
			sourceTree = "<group>";
		};
		416624C02CB92713009CB425 = {
			isa = PBXGroup;
			children = (
				416624E62CB92907009CB425 /* CollectionView */,
				416624CA2CB92714009CB425 /* Products */,
			);
			sourceTree = "<group>";
		};
		416624CA2CB92714009CB425 /* Products */ = {
			isa = PBXGroup;
			children = (
				416624C92CB92714009CB425 /* CollectionView.app */,
			);
			name = Products;
			sourceTree = "<group>";
		};
		416624E62CB92907009CB425 /* CollectionView */ = {
			isa = PBXGroup;
			children = (
				413808F82CB92D2B0094AEDC /* Views */,
				413808F72CB92D220094AEDC /* ViewControllers */,
				417278842CBA4E2C0057C15D /* Cells */,
				416624E22CB92907009CB425 /* Assets.xcassets */,
				416624E32CB92907009CB425 /* Info.plist */,
				416624E12CB92907009CB425 /* AppDelegate.swift */,
				416624E42CB92907009CB425 /* SceneDelegate.swift */,
				417278872CBA55140057C15D /* Models */,
			);
			path = CollectionView;
			sourceTree = "<group>";
		};
		417278842CBA4E2C0057C15D /* Cells */ = {
			isa = PBXGroup;
			children = (
				417278822CBA4E280057C15D /* TeenipingCollectionViewCell.swift */,
			);
			path = Cells;
			sourceTree = "<group>";
		};
		417278872CBA55140057C15D /* Models */ = {
			isa = PBXGroup;
			children = (
				417278852CBA550E0057C15D /* TeenipingModel.swift */,
			);
			path = Models;
			sourceTree = "<group>";
		};
/* End PBXGroup section */

/* Begin PBXNativeTarget section */
		416624C82CB92714009CB425 /* CollectionView */ = {
			isa = PBXNativeTarget;
			buildConfigurationList = 416624DC2CB9271B009CB425 /* Build configuration list for PBXNativeTarget "CollectionView" */;
			buildPhases = (
				416624C52CB92714009CB425 /* Sources */,
				416624C62CB92714009CB425 /* Frameworks */,
				416624C72CB92714009CB425 /* Resources */,
			);
			buildRules = (
			);
			dependencies = (
			);
			name = CollectionView;
			packageProductDependencies = (
				413808FA2CB92F6C0094AEDC /* SnapKit */,
				413808FD2CB92F7C0094AEDC /* Then */,
			);
			productName = CollectionView;
			productReference = 416624C92CB92714009CB425 /* CollectionView.app */;
			productType = "com.apple.product-type.application";
		};
/* End PBXNativeTarget section */

/* Begin PBXProject section */
		416624C12CB92713009CB425 /* Project object */ = {
			isa = PBXProject;
			attributes = {
				BuildIndependentTargetsInParallel = 1;
				LastSwiftUpdateCheck = 1600;
				LastUpgradeCheck = 1600;
				TargetAttributes = {
					416624C82CB92714009CB425 = {
						CreatedOnToolsVersion = 16.0;
					};
				};
			};
			buildConfigurationList = 416624C42CB92713009CB425 /* Build configuration list for PBXProject "CollectionView" */;
			developmentRegion = en;
			hasScannedForEncodings = 0;
			knownRegions = (
				en,
				Base,
			);
			mainGroup = 416624C02CB92713009CB425;
			minimizedProjectReferenceProxies = 1;
			packageReferences = (
				413808F92CB92F6C0094AEDC /* XCRemoteSwiftPackageReference "SnapKit" */,
				413808FC2CB92F7C0094AEDC /* XCRemoteSwiftPackageReference "Then" */,
			);
			preferredProjectObjectVersion = 77;
			productRefGroup = 416624CA2CB92714009CB425 /* Products */;
			projectDirPath = "";
			projectRoot = "";
			targets = (
				416624C82CB92714009CB425 /* CollectionView */,
			);
		};
/* End PBXProject section */

/* Begin PBXResourcesBuildPhase section */
		416624C72CB92714009CB425 /* Resources */ = {
			isa = PBXResourcesBuildPhase;
			buildActionMask = 2147483647;
			files = (
				416624EA2CB92907009CB425 /* Assets.xcassets in Resources */,
			);
			runOnlyForDeploymentPostprocessing = 0;
		};
/* End PBXResourcesBuildPhase section */

/* Begin PBXSourcesBuildPhase section */
		416624C52CB92714009CB425 /* Sources */ = {
			isa = PBXSourcesBuildPhase;
			buildActionMask = 2147483647;
			files = (
				413808F62CB92CB70094AEDC /* TeenipingView.swift in Sources */,
				416624E72CB92907009CB425 /* AppDelegate.swift in Sources */,
				416624E82CB92907009CB425 /* SceneDelegate.swift in Sources */,
				417278862CBA550E0057C15D /* TeenipingModel.swift in Sources */,
				417278832CBA4E280057C15D /* TeenipingCollectionViewCell.swift in Sources */,
				416624E92CB92907009CB425 /* TeenipingViewControllerViewController.swift in Sources */,
			);
			runOnlyForDeploymentPostprocessing = 0;
		};
/* End PBXSourcesBuildPhase section */

/* Begin XCBuildConfiguration section */
		416624DD2CB9271B009CB425 /* Debug */ = {
			isa = XCBuildConfiguration;
			buildSettings = {
				ASSETCATALOG_COMPILER_APPICON_NAME = AppIcon;
				ASSETCATALOG_COMPILER_GLOBAL_ACCENT_COLOR_NAME = AccentColor;
				CODE_SIGN_STYLE = Automatic;
				CURRENT_PROJECT_VERSION = 1;
				DEVELOPMENT_TEAM = 2PPHF9K8UN;
				GENERATE_INFOPLIST_FILE = YES;
				INFOPLIST_FILE = CollectionView/Info.plist;
				INFOPLIST_KEY_UIApplicationSupportsIndirectInputEvents = YES;
				INFOPLIST_KEY_UILaunchStoryboardName = LaunchScreen;
				INFOPLIST_KEY_UISupportedInterfaceOrientations_iPad = "UIInterfaceOrientationPortrait UIInterfaceOrientationPortraitUpsideDown UIInterfaceOrientationLandscapeLeft UIInterfaceOrientationLandscapeRight";
				INFOPLIST_KEY_UISupportedInterfaceOrientations_iPhone = "UIInterfaceOrientationPortrait UIInterfaceOrientationLandscapeLeft UIInterfaceOrientationLandscapeRight";
				LD_RUNPATH_SEARCH_PATHS = (
					"$(inherited)",
					"@executable_path/Frameworks",
				);
				MARKETING_VERSION = 1.0;
				PRODUCT_BUNDLE_IDENTIFIER = com.hyunmin.CollectionView;
				PRODUCT_NAME = "$(TARGET_NAME)";
				SWIFT_EMIT_LOC_STRINGS = YES;
				SWIFT_VERSION = 5.0;
				TARGETED_DEVICE_FAMILY = "1,2";
			};
			name = Debug;
		};
		416624DE2CB9271B009CB425 /* Release */ = {
			isa = XCBuildConfiguration;
			buildSettings = {
				ASSETCATALOG_COMPILER_APPICON_NAME = AppIcon;
				ASSETCATALOG_COMPILER_GLOBAL_ACCENT_COLOR_NAME = AccentColor;
				CODE_SIGN_STYLE = Automatic;
				CURRENT_PROJECT_VERSION = 1;
				DEVELOPMENT_TEAM = 2PPHF9K8UN;
				GENERATE_INFOPLIST_FILE = YES;
				INFOPLIST_FILE = CollectionView/Info.plist;
				INFOPLIST_KEY_UIApplicationSupportsIndirectInputEvents = YES;
				INFOPLIST_KEY_UILaunchStoryboardName = LaunchScreen;
				INFOPLIST_KEY_UISupportedInterfaceOrientations_iPad = "UIInterfaceOrientationPortrait UIInterfaceOrientationPortraitUpsideDown UIInterfaceOrientationLandscapeLeft UIInterfaceOrientationLandscapeRight";
				INFOPLIST_KEY_UISupportedInterfaceOrientations_iPhone = "UIInterfaceOrientationPortrait UIInterfaceOrientationLandscapeLeft UIInterfaceOrientationLandscapeRight";
				LD_RUNPATH_SEARCH_PATHS = (
					"$(inherited)",
					"@executable_path/Frameworks",
				);
				MARKETING_VERSION = 1.0;
				PRODUCT_BUNDLE_IDENTIFIER = com.hyunmin.CollectionView;
				PRODUCT_NAME = "$(TARGET_NAME)";
				SWIFT_EMIT_LOC_STRINGS = YES;
				SWIFT_VERSION = 5.0;
				TARGETED_DEVICE_FAMILY = "1,2";
			};
			name = Release;
		};
		416624DF2CB9271B009CB425 /* Debug */ = {
			isa = XCBuildConfiguration;
			buildSettings = {
				ALWAYS_SEARCH_USER_PATHS = NO;
				ASSETCATALOG_COMPILER_GENERATE_SWIFT_ASSET_SYMBOL_EXTENSIONS = YES;
				CLANG_ANALYZER_NONNULL = YES;
				CLANG_ANALYZER_NUMBER_OBJECT_CONVERSION = YES_AGGRESSIVE;
				CLANG_CXX_LANGUAGE_STANDARD = "gnu++20";
				CLANG_ENABLE_MODULES = YES;
				CLANG_ENABLE_OBJC_ARC = YES;
				CLANG_ENABLE_OBJC_WEAK = YES;
				CLANG_WARN_BLOCK_CAPTURE_AUTORELEASING = YES;
				CLANG_WARN_BOOL_CONVERSION = YES;
				CLANG_WARN_COMMA = YES;
				CLANG_WARN_CONSTANT_CONVERSION = YES;
				CLANG_WARN_DEPRECATED_OBJC_IMPLEMENTATIONS = YES;
				CLANG_WARN_DIRECT_OBJC_ISA_USAGE = YES_ERROR;
				CLANG_WARN_DOCUMENTATION_COMMENTS = YES;
				CLANG_WARN_EMPTY_BODY = YES;
				CLANG_WARN_ENUM_CONVERSION = YES;
				CLANG_WARN_INFINITE_RECURSION = YES;
				CLANG_WARN_INT_CONVERSION = YES;
				CLANG_WARN_NON_LITERAL_NULL_CONVERSION = YES;
				CLANG_WARN_OBJC_IMPLICIT_RETAIN_SELF = YES;
				CLANG_WARN_OBJC_LITERAL_CONVERSION = YES;
				CLANG_WARN_OBJC_ROOT_CLASS = YES_ERROR;
				CLANG_WARN_QUOTED_INCLUDE_IN_FRAMEWORK_HEADER = YES;
				CLANG_WARN_RANGE_LOOP_ANALYSIS = YES;
				CLANG_WARN_STRICT_PROTOTYPES = YES;
				CLANG_WARN_SUSPICIOUS_MOVE = YES;
				CLANG_WARN_UNGUARDED_AVAILABILITY = YES_AGGRESSIVE;
				CLANG_WARN_UNREACHABLE_CODE = YES;
				CLANG_WARN__DUPLICATE_METHOD_MATCH = YES;
				COPY_PHASE_STRIP = NO;
				DEBUG_INFORMATION_FORMAT = dwarf;
				ENABLE_STRICT_OBJC_MSGSEND = YES;
				ENABLE_TESTABILITY = YES;
				ENABLE_USER_SCRIPT_SANDBOXING = YES;
				GCC_C_LANGUAGE_STANDARD = gnu17;
				GCC_DYNAMIC_NO_PIC = NO;
				GCC_NO_COMMON_BLOCKS = YES;
				GCC_OPTIMIZATION_LEVEL = 0;
				GCC_PREPROCESSOR_DEFINITIONS = (
					"DEBUG=1",
					"$(inherited)",
				);
				GCC_WARN_64_TO_32_BIT_CONVERSION = YES;
				GCC_WARN_ABOUT_RETURN_TYPE = YES_ERROR;
				GCC_WARN_UNDECLARED_SELECTOR = YES;
				GCC_WARN_UNINITIALIZED_AUTOS = YES_AGGRESSIVE;
				GCC_WARN_UNUSED_FUNCTION = YES;
				GCC_WARN_UNUSED_VARIABLE = YES;
				IPHONEOS_DEPLOYMENT_TARGET = 18.0;
				LOCALIZATION_PREFERS_STRING_CATALOGS = YES;
				MTL_ENABLE_DEBUG_INFO = INCLUDE_SOURCE;
				MTL_FAST_MATH = YES;
				ONLY_ACTIVE_ARCH = YES;
				SDKROOT = iphoneos;
				SWIFT_ACTIVE_COMPILATION_CONDITIONS = "DEBUG $(inherited)";
				SWIFT_OPTIMIZATION_LEVEL = "-Onone";
			};
			name = Debug;
		};
		416624E02CB9271B009CB425 /* Release */ = {
			isa = XCBuildConfiguration;
			buildSettings = {
				ALWAYS_SEARCH_USER_PATHS = NO;
				ASSETCATALOG_COMPILER_GENERATE_SWIFT_ASSET_SYMBOL_EXTENSIONS = YES;
				CLANG_ANALYZER_NONNULL = YES;
				CLANG_ANALYZER_NUMBER_OBJECT_CONVERSION = YES_AGGRESSIVE;
				CLANG_CXX_LANGUAGE_STANDARD = "gnu++20";
				CLANG_ENABLE_MODULES = YES;
				CLANG_ENABLE_OBJC_ARC = YES;
				CLANG_ENABLE_OBJC_WEAK = YES;
				CLANG_WARN_BLOCK_CAPTURE_AUTORELEASING = YES;
				CLANG_WARN_BOOL_CONVERSION = YES;
				CLANG_WARN_COMMA = YES;
				CLANG_WARN_CONSTANT_CONVERSION = YES;
				CLANG_WARN_DEPRECATED_OBJC_IMPLEMENTATIONS = YES;
				CLANG_WARN_DIRECT_OBJC_ISA_USAGE = YES_ERROR;
				CLANG_WARN_DOCUMENTATION_COMMENTS = YES;
				CLANG_WARN_EMPTY_BODY = YES;
				CLANG_WARN_ENUM_CONVERSION = YES;
				CLANG_WARN_INFINITE_RECURSION = YES;
				CLANG_WARN_INT_CONVERSION = YES;
				CLANG_WARN_NON_LITERAL_NULL_CONVERSION = YES;
				CLANG_WARN_OBJC_IMPLICIT_RETAIN_SELF = YES;
				CLANG_WARN_OBJC_LITERAL_CONVERSION = YES;
				CLANG_WARN_OBJC_ROOT_CLASS = YES_ERROR;
				CLANG_WARN_QUOTED_INCLUDE_IN_FRAMEWORK_HEADER = YES;
				CLANG_WARN_RANGE_LOOP_ANALYSIS = YES;
				CLANG_WARN_STRICT_PROTOTYPES = YES;
				CLANG_WARN_SUSPICIOUS_MOVE = YES;
				CLANG_WARN_UNGUARDED_AVAILABILITY = YES_AGGRESSIVE;
				CLANG_WARN_UNREACHABLE_CODE = YES;
				CLANG_WARN__DUPLICATE_METHOD_MATCH = YES;
				COPY_PHASE_STRIP = NO;
				DEBUG_INFORMATION_FORMAT = "dwarf-with-dsym";
				ENABLE_NS_ASSERTIONS = NO;
				ENABLE_STRICT_OBJC_MSGSEND = YES;
				ENABLE_USER_SCRIPT_SANDBOXING = YES;
				GCC_C_LANGUAGE_STANDARD = gnu17;
				GCC_NO_COMMON_BLOCKS = YES;
				GCC_WARN_64_TO_32_BIT_CONVERSION = YES;
				GCC_WARN_ABOUT_RETURN_TYPE = YES_ERROR;
				GCC_WARN_UNDECLARED_SELECTOR = YES;
				GCC_WARN_UNINITIALIZED_AUTOS = YES_AGGRESSIVE;
				GCC_WARN_UNUSED_FUNCTION = YES;
				GCC_WARN_UNUSED_VARIABLE = YES;
				IPHONEOS_DEPLOYMENT_TARGET = 18.0;
				LOCALIZATION_PREFERS_STRING_CATALOGS = YES;
				MTL_ENABLE_DEBUG_INFO = NO;
				MTL_FAST_MATH = YES;
				SDKROOT = iphoneos;
				SWIFT_COMPILATION_MODE = wholemodule;
				VALIDATE_PRODUCT = YES;
			};
			name = Release;
		};
/* End XCBuildConfiguration section */

/* Begin XCConfigurationList section */
		416624C42CB92713009CB425 /* Build configuration list for PBXProject "CollectionView" */ = {
			isa = XCConfigurationList;
			buildConfigurations = (
				416624DF2CB9271B009CB425 /* Debug */,
				416624E02CB9271B009CB425 /* Release */,
			);
			defaultConfigurationIsVisible = 0;
			defaultConfigurationName = Release;
		};
		416624DC2CB9271B009CB425 /* Build configuration list for PBXNativeTarget "CollectionView" */ = {
			isa = XCConfigurationList;
			buildConfigurations = (
				416624DD2CB9271B009CB425 /* Debug */,
				416624DE2CB9271B009CB425 /* Release */,
			);
			defaultConfigurationIsVisible = 0;
			defaultConfigurationName = Release;
		};
/* End XCConfigurationList section */

/* Begin XCRemoteSwiftPackageReference section */
		413808F92CB92F6C0094AEDC /* XCRemoteSwiftPackageReference "SnapKit" */ = {
			isa = XCRemoteSwiftPackageReference;
			repositoryURL = "https://github.com/SnapKit/SnapKit";
			requirement = {
				kind = upToNextMajorVersion;
				minimumVersion = 5.7.1;
			};
		};
		413808FC2CB92F7C0094AEDC /* XCRemoteSwiftPackageReference "Then" */ = {
			isa = XCRemoteSwiftPackageReference;
			repositoryURL = "https://github.com/devxoul/Then.git";
			requirement = {
				kind = upToNextMajorVersion;
				minimumVersion = 3.0.0;
			};
		};
/* End XCRemoteSwiftPackageReference section */

/* Begin XCSwiftPackageProductDependency section */
		413808FA2CB92F6C0094AEDC /* SnapKit */ = {
			isa = XCSwiftPackageProductDependency;
			package = 413808F92CB92F6C0094AEDC /* XCRemoteSwiftPackageReference "SnapKit" */;
			productName = SnapKit;
		};
		413808FD2CB92F7C0094AEDC /* Then */ = {
			isa = XCSwiftPackageProductDependency;
			package = 413808FC2CB92F7C0094AEDC /* XCRemoteSwiftPackageReference "Then" */;
			productName = Then;
		};
/* End XCSwiftPackageProductDependency section */
	};
	rootObject = 416624C12CB92713009CB425 /* Project object */;
}
